
Microsoft Visual Studio Solution File, Format Version 12.00
# Visual Studio Version 16
VisualStudioVersion = 16.0.32106.194
MinimumVisualStudioVersion = 10.0.40219.1
Project("{FAE04EC0-301F-11D3-BF4B-00C04F79EFBC}") = "SınavCalısmasıHafta2", "SınavCalısmasıHafta2\SınavCalısmasıHafta2.csproj", "{E96BCFEA-3F78-444B-8056-62D5C417D1AD}"
EndProject
Global
	GlobalSection(SolutionConfigurationPlatforms) = preSolution
		Debug|Any CPU = Debug|Any CPU
		Release|Any CPU = Release|Any CPU
	EndGlobalSection
	GlobalSection(ProjectConfigurationPlatforms) = postSolution
		{E96BCFEA-3F78-444B-8056-62D5C417D1AD}.Debug|Any CPU.ActiveCfg = Debug|Any CPU
		{E96BCFEA-3F78-444B-8056-62D5C417D1AD}.Debug|Any CPU.Build.0 = Debug|Any CPU
		{E96BCFEA-3F78-444B-8056-62D5C417D1AD}.Release|Any CPU.ActiveCfg = Release|Any CPU
		{E96BCFEA-3F78-444B-8056-62D5C417D1AD}.Release|Any CPU.Build.0 = Release|Any CPU
	EndGlobalSection
	GlobalSection(SolutionProperties) = preSolution
		HideSolutionNode = FALSE
	EndGlobalSection
	GlobalSection(ExtensibilityGlobals) = postSolution
		SolutionGuid = {09024444-8551-430C-8279-133270E2B3C6}
	EndGlobalSection
EndGlobal
